
Microsoft Visual Studio Solution File, Format Version 12.00
# Visual Studio 15
VisualStudioVersion = 15.0.28307.489
MinimumVisualStudioVersion = 10.0.40219.1
Project("{9A19103F-16F7-4668-BE54-9A1E7A4F7556}") = "SingleResponsabilityPrinciple", "DesignPatterns\SingleResponsabilityPrinciple.csproj", "{DA99B8EA-8270-43D6-A080-8CF0C81E2C53}"
EndProject
Project("{2150E333-8FDC-42A3-9474-1A3956D46DE8}") = "SOLID", "SOLID", "{F8F73963-8BDA-4179-847E-66F3922B3290}"
EndProject
Project("{9A19103F-16F7-4668-BE54-9A1E7A4F7556}") = "OpenClosePrinciple", "OpenClosePrinciple\OpenClosePrinciple.csproj", "{FE8F7D32-AF47-4AB7-81A5-AB5C89E19D84}"
EndProject
Project("{9A19103F-16F7-4668-BE54-9A1E7A4F7556}") = "LiskovSubstitutionPrinciple", "LiskovSubstitutionPrinciple\LiskovSubstitutionPrinciple.csproj", "{C55A3780-A885-4FF9-854A-2D4A76F91141}"
EndProject
Project("{FAE04EC0-301F-11D3-BF4B-00C04F79EFBC}") = "InterfaceSegregationPrinciple", "InterfaceSegregationPrinciple\InterfaceSegregationPrinciple.csproj", "{F5269DBC-55C1-4B01-87FB-CFD57F77559C}"
EndProject
Global
	GlobalSection(SolutionConfigurationPlatforms) = preSolution
		Debug|Any CPU = Debug|Any CPU
		Release|Any CPU = Release|Any CPU
	EndGlobalSection
	GlobalSection(ProjectConfigurationPlatforms) = postSolution
		{DA99B8EA-8270-43D6-A080-8CF0C81E2C53}.Debug|Any CPU.ActiveCfg = Debug|Any CPU
		{DA99B8EA-8270-43D6-A080-8CF0C81E2C53}.Debug|Any CPU.Build.0 = Debug|Any CPU
		{DA99B8EA-8270-43D6-A080-8CF0C81E2C53}.Release|Any CPU.ActiveCfg = Release|Any CPU
		{DA99B8EA-8270-43D6-A080-8CF0C81E2C53}.Release|Any CPU.Build.0 = Release|Any CPU
		{FE8F7D32-AF47-4AB7-81A5-AB5C89E19D84}.Debug|Any CPU.ActiveCfg = Debug|Any CPU
		{FE8F7D32-AF47-4AB7-81A5-AB5C89E19D84}.Debug|Any CPU.Build.0 = Debug|Any CPU
		{FE8F7D32-AF47-4AB7-81A5-AB5C89E19D84}.Release|Any CPU.ActiveCfg = Release|Any CPU
		{FE8F7D32-AF47-4AB7-81A5-AB5C89E19D84}.Release|Any CPU.Build.0 = Release|Any CPU
		{C55A3780-A885-4FF9-854A-2D4A76F91141}.Debug|Any CPU.ActiveCfg = Debug|Any CPU
		{C55A3780-A885-4FF9-854A-2D4A76F91141}.Debug|Any CPU.Build.0 = Debug|Any CPU
		{C55A3780-A885-4FF9-854A-2D4A76F91141}.Release|Any CPU.ActiveCfg = Release|Any CPU
		{C55A3780-A885-4FF9-854A-2D4A76F91141}.Release|Any CPU.Build.0 = Release|Any CPU
		{F5269DBC-55C1-4B01-87FB-CFD57F77559C}.Debug|Any CPU.ActiveCfg = Debug|Any CPU
		{F5269DBC-55C1-4B01-87FB-CFD57F77559C}.Debug|Any CPU.Build.0 = Debug|Any CPU
		{F5269DBC-55C1-4B01-87FB-CFD57F77559C}.Release|Any CPU.ActiveCfg = Release|Any CPU
		{F5269DBC-55C1-4B01-87FB-CFD57F77559C}.Release|Any CPU.Build.0 = Release|Any CPU
	EndGlobalSection
	GlobalSection(SolutionProperties) = preSolution
		HideSolutionNode = FALSE
	EndGlobalSection
	GlobalSection(NestedProjects) = preSolution
		{DA99B8EA-8270-43D6-A080-8CF0C81E2C53} = {F8F73963-8BDA-4179-847E-66F3922B3290}
		{FE8F7D32-AF47-4AB7-81A5-AB5C89E19D84} = {F8F73963-8BDA-4179-847E-66F3922B3290}
		{C55A3780-A885-4FF9-854A-2D4A76F91141} = {F8F73963-8BDA-4179-847E-66F3922B3290}
		{F5269DBC-55C1-4B01-87FB-CFD57F77559C} = {F8F73963-8BDA-4179-847E-66F3922B3290}
	EndGlobalSection
	GlobalSection(ExtensibilityGlobals) = postSolution
		SolutionGuid = {F06D71FE-8415-4CCE-BC75-9C960B267549}
	EndGlobalSection
EndGlobal
